Microsoft Visual Studio Solution File, Format Version 11.00
# Visual Studio 2008

Project("{CC0DEEAA-97C8-7284-CA13-4F5BB8EEC10F}") = "Antitelephone", "Assembly-CSharp.csproj", "{5527F035-F043-F4A7-94BA-C213BBFF1729}"
EndProject
Global
	GlobalSection(SolutionConfigurationPlatforms) = preSolution
		Debug|Any CPU = Debug|Any CPU
		Release|Any CPU = Release|Any CPU
	EndGlobalSection
	GlobalSection(ProjectConfigurationPlatforms) = postSolution
		{5527F035-F043-F4A7-94BA-C213BBFF1729}.Debug|Any CPU.ActiveCfg = Debug|Any CPU
		{5527F035-F043-F4A7-94BA-C213BBFF1729}.Debug|Any CPU.Build.0 = Debug|Any CPU
		{5527F035-F043-F4A7-94BA-C213BBFF1729}.Release|Any CPU.ActiveCfg = Release|Any CPU
		{5527F035-F043-F4A7-94BA-C213BBFF1729}.Release|Any CPU.Build.0 = Release|Any CPU
	EndGlobalSection
	GlobalSection(SolutionProperties) = preSolution
		HideSolutionNode = FALSE
	EndGlobalSection
										GlobalSection(MonoDevelopProperties) = preSolution
		StartupItem = Assembly-CSharp.csproj
		Policies = $0
		$0.TextStylePolicy = $1
		$1.FileWidth = 120
		$1.TabsToSpaces = False
		$1.inheritsSet = VisualStudio
		$1.inheritsScope = text/plain
		$1.scope = text/x-csharp
		$0.CSharpFormattingPolicy = $2
		$2.IndentSwitchBody = True
		$2.AlignEmbeddedUsingStatements = False
		$2.ElseNewLinePlacement = NewLine
		$2.ElseIfNewLinePlacement = SameLine
		$2.CatchNewLinePlacement = NewLine
		$2.FinallyNewLinePlacement = NewLine
		$2.WhileNewLinePlacement = NewLine
		$2.BeforeMethodDeclarationParentheses = False
		$2.BeforeMethodCallParentheses = False
		$2.BeforeConstructorDeclarationParentheses = False
		$2.BeforeIndexerDeclarationBracket = False
		$2.BeforeDelegateDeclarationParentheses = False
		$2.NewParentheses = False
		$2.inheritsSet = Mono
		$2.inheritsScope = text/x-csharp
		$2.scope = text/x-csharp
		$0.TextStylePolicy = $3
		$3.FileWidth = 120
		$3.TabsToSpaces = False
		$3.inheritsSet = VisualStudio
		$3.inheritsScope = text/plain
		$3.scope = text/plain
	EndGlobalSection

EndGlobal
